
Microsoft Visual Studio Solution File, Format Version 12.00
# Visual Studio Version 16
VisualStudioVersion = 25.0.1706.12
MinimumVisualStudioVersion = 10.0.40219.1
Project("{FAE04EC0-301F-11D3-BF4B-00C04F79EFBC}") = "Chattr", "Chattr\Chattr.csproj", "{3989E36D-21C0-46D7-B3B3-2A75AC164A4F}"
EndProject
Global
	GlobalSection(SolutionConfigurationPlatforms) = preSolution
		Debug|Any CPU = Debug|Any CPU
		Release|Any CPU = Release|Any CPU
	EndGlobalSection
	GlobalSection(ProjectConfigurationPlatforms) = postSolution
		{3989E36D-21C0-46D7-B3B3-2A75AC164A4F}.Debug|Any CPU.ActiveCfg = Debug|Any CPU
		{3989E36D-21C0-46D7-B3B3-2A75AC164A4F}.Debug|Any CPU.Build.0 = Debug|Any CPU
		{3989E36D-21C0-46D7-B3B3-2A75AC164A4F}.Release|Any CPU.ActiveCfg = Release|Any CPU
		{3989E36D-21C0-46D7-B3B3-2A75AC164A4F}.Release|Any CPU.Build.0 = Release|Any CPU
	EndGlobalSection
	GlobalSection(SolutionProperties) = preSolution
		HideSolutionNode = FALSE
	EndGlobalSection
	GlobalSection(ExtensibilityGlobals) = postSolution
		SolutionGuid = {EA1EFFEA-CED2-4959-A998-9C952C9A491F}
	EndGlobalSection
EndGlobal
